
Microsoft Visual Studio Solution File, Format Version 12.00
# Visual Studio Version 17
VisualStudioVersion = 17.8.34322.80
MinimumVisualStudioVersion = 10.0.40219.1
Project("{FAE04EC0-301F-11D3-BF4B-00C04F79EFBC}") = "SE160143_Ass1", "SE160143_Ass1\SE160143_Ass1.csproj", "{3CB135D2-9601-4970-B51B-9243372321BA}"
EndProject
Project("{FAE04EC0-301F-11D3-BF4B-00C04F79EFBC}") = "BookObject", "BookObject\BookObject.csproj", "{BDA499C8-7518-4EDC-A72F-B5703C29602B}"
EndProject
Project("{FAE04EC0-301F-11D3-BF4B-00C04F79EFBC}") = "BookDAO", "BookDAO\BookDAO.csproj", "{73327DBB-13A4-4F16-A90E-523A5D755F49}"
EndProject
Project("{FAE04EC0-301F-11D3-BF4B-00C04F79EFBC}") = "BookRepository", "BookRepository\BookRepository.csproj", "{BA90A225-AF6E-499D-8D9D-5F390520785C}"
EndProject
Project("{FAE04EC0-301F-11D3-BF4B-00C04F79EFBC}") = "BookServices", "BookServices\BookServices.csproj", "{38AF3B44-A308-4764-85FC-4C16920593F5}"
EndProject
Global
	GlobalSection(SolutionConfigurationPlatforms) = preSolution
		Debug|Any CPU = Debug|Any CPU
		Release|Any CPU = Release|Any CPU
	EndGlobalSection
	GlobalSection(ProjectConfigurationPlatforms) = postSolution
		{3CB135D2-9601-4970-B51B-9243372321BA}.Debug|Any CPU.ActiveCfg = Debug|Any CPU
		{3CB135D2-9601-4970-B51B-9243372321BA}.Debug|Any CPU.Build.0 = Debug|Any CPU
		{3CB135D2-9601-4970-B51B-9243372321BA}.Release|Any CPU.ActiveCfg = Release|Any CPU
		{3CB135D2-9601-4970-B51B-9243372321BA}.Release|Any CPU.Build.0 = Release|Any CPU
		{BDA499C8-7518-4EDC-A72F-B5703C29602B}.Debug|Any CPU.ActiveCfg = Debug|Any CPU
		{BDA499C8-7518-4EDC-A72F-B5703C29602B}.Debug|Any CPU.Build.0 = Debug|Any CPU
		{BDA499C8-7518-4EDC-A72F-B5703C29602B}.Release|Any CPU.ActiveCfg = Release|Any CPU
		{BDA499C8-7518-4EDC-A72F-B5703C29602B}.Release|Any CPU.Build.0 = Release|Any CPU
		{73327DBB-13A4-4F16-A90E-523A5D755F49}.Debug|Any CPU.ActiveCfg = Debug|Any CPU
		{73327DBB-13A4-4F16-A90E-523A5D755F49}.Debug|Any CPU.Build.0 = Debug|Any CPU
		{73327DBB-13A4-4F16-A90E-523A5D755F49}.Release|Any CPU.ActiveCfg = Release|Any CPU
		{73327DBB-13A4-4F16-A90E-523A5D755F49}.Release|Any CPU.Build.0 = Release|Any CPU
		{BA90A225-AF6E-499D-8D9D-5F390520785C}.Debug|Any CPU.ActiveCfg = Debug|Any CPU
		{BA90A225-AF6E-499D-8D9D-5F390520785C}.Debug|Any CPU.Build.0 = Debug|Any CPU
		{BA90A225-AF6E-499D-8D9D-5F390520785C}.Release|Any CPU.ActiveCfg = Release|Any CPU
		{BA90A225-AF6E-499D-8D9D-5F390520785C}.Release|Any CPU.Build.0 = Release|Any CPU
		{38AF3B44-A308-4764-85FC-4C16920593F5}.Debug|Any CPU.ActiveCfg = Debug|Any CPU
		{38AF3B44-A308-4764-85FC-4C16920593F5}.Debug|Any CPU.Build.0 = Debug|Any CPU
		{38AF3B44-A308-4764-85FC-4C16920593F5}.Release|Any CPU.ActiveCfg = Release|Any CPU
		{38AF3B44-A308-4764-85FC-4C16920593F5}.Release|Any CPU.Build.0 = Release|Any CPU
	EndGlobalSection
	GlobalSection(SolutionProperties) = preSolution
		HideSolutionNode = FALSE
	EndGlobalSection
	GlobalSection(ExtensibilityGlobals) = postSolution
		SolutionGuid = {8FC34153-8B23-4B33-B0FC-D31F86E80A66}
	EndGlobalSection
EndGlobal
